
Microsoft Visual Studio Solution File, Format Version 12.00
# Visual Studio Version 16
VisualStudioVersion = 16.0.31702.278
MinimumVisualStudioVersion = 10.0.40219.1
Project("{8BC9CEB8-8B4A-11D0-8D11-00A0C91BC942}") = "Game", "Game.vcxproj", "{9ADEB36B-7BDE-4C62-8011-FD9630BE3816}"
EndProject
Global
	GlobalSection(SolutionConfigurationPlatforms) = preSolution
		Debug|x64 = Debug|x64
		Debug|x86 = Debug|x86
		Release|x64 = Release|x64
		Release|x86 = Release|x86
	EndGlobalSection
	GlobalSection(ProjectConfigurationPlatforms) = postSolution
		{9ADEB36B-7BDE-4C62-8011-FD9630BE3816}.Debug|x64.ActiveCfg = Debug|x64
		{9ADEB36B-7BDE-4C62-8011-FD9630BE3816}.Debug|x64.Build.0 = Debug|x64
		{9ADEB36B-7BDE-4C62-8011-FD9630BE3816}.Debug|x86.ActiveCfg = Debug|Win32
		{9ADEB36B-7BDE-4C62-8011-FD9630BE3816}.Debug|x86.Build.0 = Debug|Win32
		{9ADEB36B-7BDE-4C62-8011-FD9630BE3816}.Release|x64.ActiveCfg = Release|x64
		{9ADEB36B-7BDE-4C62-8011-FD9630BE3816}.Release|x64.Build.0 = Release|x64
		{9ADEB36B-7BDE-4C62-8011-FD9630BE3816}.Release|x86.ActiveCfg = Release|Win32
		{9ADEB36B-7BDE-4C62-8011-FD9630BE3816}.Release|x86.Build.0 = Release|Win32
	EndGlobalSection
	GlobalSection(SolutionProperties) = preSolution
		HideSolutionNode = FALSE
	EndGlobalSection
	GlobalSection(ExtensibilityGlobals) = postSolution
		SolutionGuid = {EA610AA5-5F16-4D38-9C4D-FF1F1CBA460B}
	EndGlobalSection
EndGlobal
